
Microsoft Visual Studio Solution File, Format Version 11.00
# Visual Studio 2010
Project("{F2A71F9B-5D33-465A-A702-920D77279786}") = "QSParse", "QSParse\QSParse.fsproj", "{6ECF54C2-777C-4275-BC5D-E48FA61A4627}"
	ProjectSection(ProjectDependencies) = postProject
		{554B1E12-DFA8-4972-9E9B-F5ABE1FC272A} = {554B1E12-DFA8-4972-9E9B-F5ABE1FC272A}
	EndProjectSection
EndProject
Project("{F2A71F9B-5D33-465A-A702-920D77279786}") = "QSTools", "QSTools\QSTools.fsproj", "{8E6003CD-564C-4A80-B7AC-168E6E28CAF6}"
EndProject
Project("{F2A71F9B-5D33-465A-A702-920D77279786}") = "RunIfChange", "RunIfChange\RunIfChange.fsproj", "{554B1E12-DFA8-4972-9E9B-F5ABE1FC272A}"
EndProject
Global
	GlobalSection(SolutionConfigurationPlatforms) = preSolution
		Debug|x86 = Debug|x86
		Release|x86 = Release|x86
	EndGlobalSection
	GlobalSection(ProjectConfigurationPlatforms) = postSolution
		{6ECF54C2-777C-4275-BC5D-E48FA61A4627}.Debug|x86.ActiveCfg = Debug|x86
		{6ECF54C2-777C-4275-BC5D-E48FA61A4627}.Debug|x86.Build.0 = Debug|x86
		{6ECF54C2-777C-4275-BC5D-E48FA61A4627}.Release|x86.ActiveCfg = Release|x86
		{6ECF54C2-777C-4275-BC5D-E48FA61A4627}.Release|x86.Build.0 = Release|x86
		{8E6003CD-564C-4A80-B7AC-168E6E28CAF6}.Debug|x86.ActiveCfg = Debug|x86
		{8E6003CD-564C-4A80-B7AC-168E6E28CAF6}.Debug|x86.Build.0 = Debug|x86
		{8E6003CD-564C-4A80-B7AC-168E6E28CAF6}.Release|x86.ActiveCfg = Release|x86
		{8E6003CD-564C-4A80-B7AC-168E6E28CAF6}.Release|x86.Build.0 = Release|x86
		{554B1E12-DFA8-4972-9E9B-F5ABE1FC272A}.Debug|x86.ActiveCfg = Debug|x86
		{554B1E12-DFA8-4972-9E9B-F5ABE1FC272A}.Debug|x86.Build.0 = Debug|x86
		{554B1E12-DFA8-4972-9E9B-F5ABE1FC272A}.Release|x86.ActiveCfg = Release|x86
		{554B1E12-DFA8-4972-9E9B-F5ABE1FC272A}.Release|x86.Build.0 = Release|x86
	EndGlobalSection
	GlobalSection(SolutionProperties) = preSolution
		HideSolutionNode = FALSE
	EndGlobalSection
EndGlobal
